
Microsoft Visual Studio Solution File, Format Version 12.00
# Visual Studio Version 16
VisualStudioVersion = 16.0.30907.101
MinimumVisualStudioVersion = 10.0.40219.1
Project("{9A19103F-16F7-4668-BE54-9A1E7A4F7556}") = "CatalogApi", "CatalogApi\CatalogApi.csproj", "{5436C788-BB1A-408D-8414-53247D04A3DB}"
EndProject
Project("{FAE04EC0-301F-11D3-BF4B-00C04F79EFBC}") = "CatalogApi.Tests", "CatalogApi.Tests\CatalogApi.Tests.csproj", "{5C1FE3C1-15C3-469E-B528-5666B7962461}"
EndProject
Global
	GlobalSection(SolutionConfigurationPlatforms) = preSolution
		Debug|Any CPU = Debug|Any CPU
		Release|Any CPU = Release|Any CPU
	EndGlobalSection
	GlobalSection(ProjectConfigurationPlatforms) = postSolution
		{5436C788-BB1A-408D-8414-53247D04A3DB}.Debug|Any CPU.ActiveCfg = Debug|Any CPU
		{5436C788-BB1A-408D-8414-53247D04A3DB}.Debug|Any CPU.Build.0 = Debug|Any CPU
		{5436C788-BB1A-408D-8414-53247D04A3DB}.Release|Any CPU.ActiveCfg = Release|Any CPU
		{5436C788-BB1A-408D-8414-53247D04A3DB}.Release|Any CPU.Build.0 = Release|Any CPU
		{5C1FE3C1-15C3-469E-B528-5666B7962461}.Debug|Any CPU.ActiveCfg = Debug|Any CPU
		{5C1FE3C1-15C3-469E-B528-5666B7962461}.Debug|Any CPU.Build.0 = Debug|Any CPU
		{5C1FE3C1-15C3-469E-B528-5666B7962461}.Release|Any CPU.ActiveCfg = Release|Any CPU
		{5C1FE3C1-15C3-469E-B528-5666B7962461}.Release|Any CPU.Build.0 = Release|Any CPU
	EndGlobalSection
	GlobalSection(SolutionProperties) = preSolution
		HideSolutionNode = FALSE
	EndGlobalSection
	GlobalSection(ExtensibilityGlobals) = postSolution
		SolutionGuid = {EA95AA86-455D-44F2-9F16-D0F21774C10F}
	EndGlobalSection
EndGlobal
